
Microsoft Visual Studio Solution File, Format Version 12.00
# Visual Studio 15
VisualStudioVersion = 15.0.28010.2026
MinimumVisualStudioVersion = 10.0.40219.1
Project("{9A19103F-16F7-4668-BE54-9A1E7A4F7556}") = "ExpenseTracker.Data", "ExpenseTracker.Data\ExpenseTracker.Data.csproj", "{F417291E-06E3-4D1F-9251-4607BCB7B79B}"
EndProject
Project("{9A19103F-16F7-4668-BE54-9A1E7A4F7556}") = "ExpenseTracker.Services", "ExpenseTracker.Services\ExpenseTracker.Services.csproj", "{143F063F-5038-424B-BE3F-E62BBEEA51FF}"
EndProject
Project("{9A19103F-16F7-4668-BE54-9A1E7A4F7556}") = "ExpenseTracker.WebApi", "ExpenseTracker.WebApi\ExpenseTracker.WebApi.csproj", "{17C8A315-37F1-41AB-96E1-EFDD6C27F95A}"
EndProject
Project("{9A19103F-16F7-4668-BE54-9A1E7A4F7556}") = "ExpenseTracker.Dto", "ExpenseTracker.Dto\ExpenseTracker.Dto.csproj", "{CCCE5AF2-C060-4CA2-86CA-1238C027EF73}"
EndProject
Global
	GlobalSection(SolutionConfigurationPlatforms) = preSolution
		Debug|Any CPU = Debug|Any CPU
		Release|Any CPU = Release|Any CPU
	EndGlobalSection
	GlobalSection(ProjectConfigurationPlatforms) = postSolution
		{F417291E-06E3-4D1F-9251-4607BCB7B79B}.Debug|Any CPU.ActiveCfg = Debug|Any CPU
		{F417291E-06E3-4D1F-9251-4607BCB7B79B}.Debug|Any CPU.Build.0 = Debug|Any CPU
		{F417291E-06E3-4D1F-9251-4607BCB7B79B}.Release|Any CPU.ActiveCfg = Release|Any CPU
		{F417291E-06E3-4D1F-9251-4607BCB7B79B}.Release|Any CPU.Build.0 = Release|Any CPU
		{143F063F-5038-424B-BE3F-E62BBEEA51FF}.Debug|Any CPU.ActiveCfg = Debug|Any CPU
		{143F063F-5038-424B-BE3F-E62BBEEA51FF}.Debug|Any CPU.Build.0 = Debug|Any CPU
		{143F063F-5038-424B-BE3F-E62BBEEA51FF}.Release|Any CPU.ActiveCfg = Release|Any CPU
		{143F063F-5038-424B-BE3F-E62BBEEA51FF}.Release|Any CPU.Build.0 = Release|Any CPU
		{17C8A315-37F1-41AB-96E1-EFDD6C27F95A}.Debug|Any CPU.ActiveCfg = Debug|Any CPU
		{17C8A315-37F1-41AB-96E1-EFDD6C27F95A}.Debug|Any CPU.Build.0 = Debug|Any CPU
		{17C8A315-37F1-41AB-96E1-EFDD6C27F95A}.Release|Any CPU.ActiveCfg = Release|Any CPU
		{17C8A315-37F1-41AB-96E1-EFDD6C27F95A}.Release|Any CPU.Build.0 = Release|Any CPU
		{CCCE5AF2-C060-4CA2-86CA-1238C027EF73}.Debug|Any CPU.ActiveCfg = Debug|Any CPU
		{CCCE5AF2-C060-4CA2-86CA-1238C027EF73}.Debug|Any CPU.Build.0 = Debug|Any CPU
		{CCCE5AF2-C060-4CA2-86CA-1238C027EF73}.Release|Any CPU.ActiveCfg = Release|Any CPU
		{CCCE5AF2-C060-4CA2-86CA-1238C027EF73}.Release|Any CPU.Build.0 = Release|Any CPU
	EndGlobalSection
	GlobalSection(SolutionProperties) = preSolution
		HideSolutionNode = FALSE
	EndGlobalSection
	GlobalSection(ExtensibilityGlobals) = postSolution
		SolutionGuid = {32157CFD-DBCF-4777-9913-B930173AF727}
	EndGlobalSection
EndGlobal
